
Microsoft Visual Studio Solution File, Format Version 12.00
# Visual Studio Version 17
VisualStudioVersion = 17.4.33213.308
MinimumVisualStudioVersion = 10.0.40219.1
Project("{FAE04EC0-301F-11D3-BF4B-00C04F79EFBC}") = "Kalkulator", "Kalkulator.csproj", "{514B8148-6E09-4406-BFB1-D7A7D12869F4}"
EndProject
Global
	GlobalSection(SolutionConfigurationPlatforms) = preSolution
		Debug|Any CPU = Debug|Any CPU
		Release|Any CPU = Release|Any CPU
	EndGlobalSection
	GlobalSection(ProjectConfigurationPlatforms) = postSolution
		{514B8148-6E09-4406-BFB1-D7A7D12869F4}.Debug|Any CPU.ActiveCfg = Debug|Any CPU
		{514B8148-6E09-4406-BFB1-D7A7D12869F4}.Debug|Any CPU.Build.0 = Debug|Any CPU
		{514B8148-6E09-4406-BFB1-D7A7D12869F4}.Release|Any CPU.ActiveCfg = Release|Any CPU
		{514B8148-6E09-4406-BFB1-D7A7D12869F4}.Release|Any CPU.Build.0 = Release|Any CPU
	EndGlobalSection
	GlobalSection(SolutionProperties) = preSolution
		HideSolutionNode = FALSE
	EndGlobalSection
	GlobalSection(ExtensibilityGlobals) = postSolution
		SolutionGuid = {4806628E-EE33-4066-81C1-5CC3E5742214}
	EndGlobalSection
EndGlobal
